
Microsoft Visual Studio Solution File, Format Version 12.00
# Visual Studio Version 17
VisualStudioVersion = 17.11.35327.3
MinimumVisualStudioVersion = 10.0.40219.1
Project("{FAE04EC0-301F-11D3-BF4B-00C04F79EFBC}") = "CRUD", "CRUD\CRUD.csproj", "{FBDE8C45-12E2-48DE-A0C9-365705D363E2}"
EndProject
Global
	GlobalSection(SolutionConfigurationPlatforms) = preSolution
		Debug|Any CPU = Debug|Any CPU
		Release|Any CPU = Release|Any CPU
	EndGlobalSection
	GlobalSection(ProjectConfigurationPlatforms) = postSolution
		{FBDE8C45-12E2-48DE-A0C9-365705D363E2}.Debug|Any CPU.ActiveCfg = Debug|Any CPU
		{FBDE8C45-12E2-48DE-A0C9-365705D363E2}.Debug|Any CPU.Build.0 = Debug|Any CPU
		{FBDE8C45-12E2-48DE-A0C9-365705D363E2}.Release|Any CPU.ActiveCfg = Release|Any CPU
		{FBDE8C45-12E2-48DE-A0C9-365705D363E2}.Release|Any CPU.Build.0 = Release|Any CPU
	EndGlobalSection
	GlobalSection(SolutionProperties) = preSolution
		HideSolutionNode = FALSE
	EndGlobalSection
	GlobalSection(ExtensibilityGlobals) = postSolution
		SolutionGuid = {8C48F25C-A49C-4674-9D48-2A32CE3096EF}
	EndGlobalSection
EndGlobal
